
Microsoft Visual Studio Solution File, Format Version 12.00
# Visual Studio Version 17
VisualStudioVersion = 17.4.33213.308
MinimumVisualStudioVersion = 10.0.40219.1
Project("{FAE04EC0-301F-11D3-BF4B-00C04F79EFBC}") = "Pokusah", "Pokusah.csproj", "{9217B55B-4029-45E1-8259-A92418563162}"
EndProject
Global
	GlobalSection(SolutionConfigurationPlatforms) = preSolution
		Debug|Any CPU = Debug|Any CPU
		Release|Any CPU = Release|Any CPU
	EndGlobalSection
	GlobalSection(ProjectConfigurationPlatforms) = postSolution
		{9217B55B-4029-45E1-8259-A92418563162}.Debug|Any CPU.ActiveCfg = Debug|Any CPU
		{9217B55B-4029-45E1-8259-A92418563162}.Debug|Any CPU.Build.0 = Debug|Any CPU
		{9217B55B-4029-45E1-8259-A92418563162}.Release|Any CPU.ActiveCfg = Release|Any CPU
		{9217B55B-4029-45E1-8259-A92418563162}.Release|Any CPU.Build.0 = Release|Any CPU
	EndGlobalSection
	GlobalSection(SolutionProperties) = preSolution
		HideSolutionNode = FALSE
	EndGlobalSection
	GlobalSection(ExtensibilityGlobals) = postSolution
		SolutionGuid = {C83B3539-DA7B-41EA-9A94-55086E511AB1}
	EndGlobalSection
EndGlobal
